
Microsoft Visual Studio Solution File, Format Version 12.00
# Visual Studio Version 16
VisualStudioVersion = 16.0.31129.286
MinimumVisualStudioVersion = 10.0.40219.1
Project("{FAE04EC0-301F-11D3-BF4B-00C04F79EFBC}") = "POO01", "POO01\POO01.csproj", "{2EF059A5-9879-4EFD-8A51-A8A0D203EC7E}"
EndProject
Global
	GlobalSection(SolutionConfigurationPlatforms) = preSolution
		Debug|Any CPU = Debug|Any CPU
		Release|Any CPU = Release|Any CPU
	EndGlobalSection
	GlobalSection(ProjectConfigurationPlatforms) = postSolution
		{2EF059A5-9879-4EFD-8A51-A8A0D203EC7E}.Debug|Any CPU.ActiveCfg = Debug|Any CPU
		{2EF059A5-9879-4EFD-8A51-A8A0D203EC7E}.Debug|Any CPU.Build.0 = Debug|Any CPU
		{2EF059A5-9879-4EFD-8A51-A8A0D203EC7E}.Release|Any CPU.ActiveCfg = Release|Any CPU
		{2EF059A5-9879-4EFD-8A51-A8A0D203EC7E}.Release|Any CPU.Build.0 = Release|Any CPU
	EndGlobalSection
	GlobalSection(SolutionProperties) = preSolution
		HideSolutionNode = FALSE
	EndGlobalSection
	GlobalSection(ExtensibilityGlobals) = postSolution
		SolutionGuid = {1ADD33E4-D1AE-4CEF-8961-1C2427D96E24}
	EndGlobalSection
EndGlobal
