
Microsoft Visual Studio Solution File, Format Version 12.00
# Visual Studio Version 16
VisualStudioVersion = 16.0.31129.286
MinimumVisualStudioVersion = 10.0.40219.1
Project("{FAE04EC0-301F-11D3-BF4B-00C04F79EFBC}") = "POO02", "POO02\POO02.csproj", "{21738C23-AC42-446B-9BD0-96F20D5E4643}"
EndProject
Global
	GlobalSection(SolutionConfigurationPlatforms) = preSolution
		Debug|Any CPU = Debug|Any CPU
		Release|Any CPU = Release|Any CPU
	EndGlobalSection
	GlobalSection(ProjectConfigurationPlatforms) = postSolution
		{21738C23-AC42-446B-9BD0-96F20D5E4643}.Debug|Any CPU.ActiveCfg = Debug|Any CPU
		{21738C23-AC42-446B-9BD0-96F20D5E4643}.Debug|Any CPU.Build.0 = Debug|Any CPU
		{21738C23-AC42-446B-9BD0-96F20D5E4643}.Release|Any CPU.ActiveCfg = Release|Any CPU
		{21738C23-AC42-446B-9BD0-96F20D5E4643}.Release|Any CPU.Build.0 = Release|Any CPU
	EndGlobalSection
	GlobalSection(SolutionProperties) = preSolution
		HideSolutionNode = FALSE
	EndGlobalSection
	GlobalSection(ExtensibilityGlobals) = postSolution
		SolutionGuid = {6C61DB55-AA66-4A7D-9363-F57F29A84B5A}
	EndGlobalSection
EndGlobal
